// !$*UTF8*$!
{
	archiveVersion = 1;
	classes = {
	};
	objectVersion = 50;
	objects = {

/* Begin PBXBuildFile section */
		91062ADC21747D90002673FB /* AppDelegate.swift in Sources */ = {isa = PBXBuildFile; fileRef = 91062ADB21747D90002673FB /* AppDelegate.swift */; };
		91062ADE21747D90002673FB /* ViewController.swift in Sources */ = {isa = PBXBuildFile; fileRef = 91062ADD21747D90002673FB /* ViewController.swift */; };
		91062AE121747D90002673FB /* Main.storyboard in Resources */ = {isa = PBXBuildFile; fileRef = 91062ADF21747D90002673FB /* Main.storyboard */; };
		91062AE321747D93002673FB /* Assets.xcassets in Resources */ = {isa = PBXBuildFile; fileRef = 91062AE221747D93002673FB /* Assets.xcassets */; };
		91062AE621747D93002673FB /* LaunchScreen.storyboard in Resources */ = {isa = PBXBuildFile; fileRef = 91062AE421747D93002673FB /* LaunchScreen.storyboard */; };
		91062AF121747D93002673FB /* SwiftCodableDemoTests.swift in Sources */ = {isa = PBXBuildFile; fileRef = 91062AF021747D93002673FB /* SwiftCodableDemoTests.swift */; };
		91062AFC21747D93002673FB /* SwiftCodableDemoUITests.swift in Sources */ = {isa = PBXBuildFile; fileRef = 91062AFB21747D93002673FB /* SwiftCodableDemoUITests.swift */; };
		91062B0A21747E8A002673FB /* Model.swift in Sources */ = {isa = PBXBuildFile; fileRef = 91062B0921747E8A002673FB /* Model.swift */; };
/* End PBXBuildFile section */

/* Begin PBXContainerItemProxy section */
		91062AED21747D93002673FB /* PBXContainerItemProxy */ = {
			isa = PBXContainerItemProxy;
			containerPortal = 91062AD021747D90002673FB /* Project object */;
			proxyType = 1;
			remoteGlobalIDString = 91062AD721747D90002673FB;
			remoteInfo = SwiftCodableDemo;
		};
		91062AF821747D93002673FB /* PBXContainerItemProxy */ = {
			isa = PBXContainerItemProxy;
			containerPortal = 91062AD021747D90002673FB /* Project object */;
			proxyType = 1;
			remoteGlobalIDString = 91062AD721747D90002673FB;
			remoteInfo = SwiftCodableDemo;
		};
/* End PBXContainerItemProxy section */

/* Begin PBXFileReference section */
		91062AD821747D90002673FB /* SwiftCodableDemo.app */ = {isa = PBXFileReference; explicitFileType = wrapper.application; includeInIndex = 0; path = SwiftCodableDemo.app; sourceTree = BUILT_PRODUCTS_DIR; };
		91062ADB21747D90002673FB /* AppDelegate.swift */ = {isa = PBXFileReference; lastKnownFileType = sourcecode.swift; path = AppDelegate.swift; sourceTree = "<group>"; };
		91062ADD21747D90002673FB /* ViewController.swift */ = {isa = PBXFileReference; lastKnownFileType = sourcecode.swift; path = ViewController.swift; sourceTree = "<group>"; };
		91062AE021747D90002673FB /* Base */ = {isa = PBXFileReference; lastKnownFileType = file.storyboard; name = Base; path = Base.lproj/Main.storyboard; sourceTree = "<group>"; };
		91062AE221747D93002673FB /* Assets.xcassets */ = {isa = PBXFileReference; lastKnownFileType = folder.assetcatalog; path = Assets.xcassets; sourceTree = "<group>"; };
		91062AE521747D93002673FB /* Base */ = {isa = PBXFileReference; lastKnownFileType = file.storyboard; name = Base; path = Base.lproj/LaunchScreen.storyboard; sourceTree = "<group>"; };
		91062AE721747D93002673FB /* Info.plist */ = {isa = PBXFileReference; lastKnownFileType = text.plist.xml; path = Info.plist; sourceTree = "<group>"; };
		91062AEC21747D93002673FB /* SwiftCodableDemoTests.xctest */ = {isa = PBXFileReference; explicitFileType = wrapper.cfbundle; includeInIndex = 0; path = SwiftCodableDemoTests.xctest; sourceTree = BUILT_PRODUCTS_DIR; };
		91062AF021747D93002673FB /* SwiftCodableDemoTests.swift */ = {isa = PBXFileReference; lastKnownFileType = sourcecode.swift; path = SwiftCodableDemoTests.swift; sourceTree = "<group>"; };
		91062AF221747D93002673FB /* Info.plist */ = {isa = PBXFileReference; lastKnownFileType = text.plist.xml; path = Info.plist; sourceTree = "<group>"; };
		91062AF721747D93002673FB /* SwiftCodableDemoUITests.xctest */ = {isa = PBXFileReference; explicitFileType = wrapper.cfbundle; includeInIndex = 0; path = SwiftCodableDemoUITests.xctest; sourceTree = BUILT_PRODUCTS_DIR; };
		91062AFB21747D93002673FB /* SwiftCodableDemoUITests.swift */ = {isa = PBXFileReference; lastKnownFileType = sourcecode.swift; path = SwiftCodableDemoUITests.swift; sourceTree = "<group>"; };
		91062AFD21747D93002673FB /* Info.plist */ = {isa = PBXFileReference; lastKnownFileType = text.plist.xml; path = Info.plist; sourceTree = "<group>"; };
		91062B0921747E8A002673FB /* Model.swift */ = {isa = PBXFileReference; lastKnownFileType = sourcecode.swift; path = Model.swift; sourceTree = "<group>"; };
/* End PBXFileReference section */

/* Begin PBXFrameworksBuildPhase section */
		91062AD521747D90002673FB /* Frameworks */ = {
			isa = PBXFrameworksBuildPhase;
			buildActionMask = 2147483647;
			files = (
			);
			runOnlyForDeploymentPostprocessing = 0;
		};
		91062AE921747D93002673FB /* Frameworks */ = {
			isa = PBXFrameworksBuildPhase;
			buildActionMask = 2147483647;
			files = (
			);
			runOnlyForDeploymentPostprocessing = 0;
		};
		91062AF421747D93002673FB /* Frameworks */ = {
			isa = PBXFrameworksBuildPhase;
			buildActionMask = 2147483647;
			files = (
			);
			runOnlyForDeploymentPostprocessing = 0;
		};
/* End PBXFrameworksBuildPhase section */

/* Begin PBXGroup section */
		91062ACF21747D90002673FB = {
			isa = PBXGroup;
			children = (
				91062ADA21747D90002673FB /* SwiftCodableDemo */,
				91062AEF21747D93002673FB /* SwiftCodableDemoTests */,
				91062AFA21747D93002673FB /* SwiftCodableDemoUITests */,
				91062AD921747D90002673FB /* Products */,
			);
			sourceTree = "<group>";
		};
		91062AD921747D90002673FB /* Products */ = {
			isa = PBXGroup;
			children = (
				91062AD821747D90002673FB /* SwiftCodableDemo.app */,
				91062AEC21747D93002673FB /* SwiftCodableDemoTests.xctest */,
				91062AF721747D93002673FB /* SwiftCodableDemoUITests.xctest */,
			);
			name = Products;
			sourceTree = "<group>";
		};
		91062ADA21747D90002673FB /* SwiftCodableDemo */ = {
			isa = PBXGroup;
			children = (
				91062ADB21747D90002673FB /* AppDelegate.swift */,
				91062ADD21747D90002673FB /* ViewController.swift */,
				91062B0921747E8A002673FB /* Model.swift */,
				91062ADF21747D90002673FB /* Main.storyboard */,
				91062AE221747D93002673FB /* Assets.xcassets */,
				91062AE421747D93002673FB /* LaunchScreen.storyboard */,
				91062AE721747D93002673FB /* Info.plist */,
			);
			path = SwiftCodableDemo;
			sourceTree = "<group>";
		};
		91062AEF21747D93002673FB /* SwiftCodableDemoTests */ = {
			isa = PBXGroup;
			children = (
				91062AF021747D93002673FB /* SwiftCodableDemoTests.swift */,
				91062AF221747D93002673FB /* Info.plist */,
			);
			path = SwiftCodableDemoTests;
			sourceTree = "<group>";
		};
		91062AFA21747D93002673FB /* SwiftCodableDemoUITests */ = {
			isa = PBXGroup;
			children = (
				91062AFB21747D93002673FB /* SwiftCodableDemoUITests.swift */,
				91062AFD21747D93002673FB /* Info.plist */,
			);
			path = SwiftCodableDemoUITests;
			sourceTree = "<group>";
		};
/* End PBXGroup section */

/* Begin PBXNativeTarget section */
		91062AD721747D90002673FB /* SwiftCodableDemo */ = {
			isa = PBXNativeTarget;
			buildConfigurationList = 91062B0021747D93002673FB /* Build configuration list for PBXNativeTarget "SwiftCodableDemo" */;
			buildPhases = (
				91062AD421747D90002673FB /* Sources */,
				91062AD521747D90002673FB /* Frameworks */,
				91062AD621747D90002673FB /* Resources */,
			);
			buildRules = (
			);
			dependencies = (
			);
			name = SwiftCodableDemo;
			productName = SwiftCodableDemo;
			productReference = 91062AD821747D90002673FB /* SwiftCodableDemo.app */;
			productType = "com.apple.product-type.application";
		};
		91062AEB21747D93002673FB /* SwiftCodableDemoTests */ = {
			isa = PBXNativeTarget;
			buildConfigurationList = 91062B0321747D93002673FB /* Build configuration list for PBXNativeTarget "SwiftCodableDemoTests" */;
			buildPhases = (
				91062AE821747D93002673FB /* Sources */,
				91062AE921747D93002673FB /* Frameworks */,
				91062AEA21747D93002673FB /* Resources */,
			);
			buildRules = (
			);
			dependencies = (
				91062AEE21747D93002673FB /* PBXTargetDependency */,
			);
			name = SwiftCodableDemoTests;
			productName = SwiftCodableDemoTests;
			productReference = 91062AEC21747D93002673FB /* SwiftCodableDemoTests.xctest */;
			productType = "com.apple.product-type.bundle.unit-test";
		};
		91062AF621747D93002673FB /* SwiftCodableDemoUITests */ = {
			isa = PBXNativeTarget;
			buildConfigurationList = 91062B0621747D93002673FB /* Build configuration list for PBXNativeTarget "SwiftCodableDemoUITests" */;
			buildPhases = (
				91062AF321747D93002673FB /* Sources */,
				91062AF421747D93002673FB /* Frameworks */,
				91062AF521747D93002673FB /* Resources */,
			);
			buildRules = (
			);
			dependencies = (
				91062AF921747D93002673FB /* PBXTargetDependency */,
			);
			name = SwiftCodableDemoUITests;
			productName = SwiftCodableDemoUITests;
			productReference = 91062AF721747D93002673FB /* SwiftCodableDemoUITests.xctest */;
			productType = "com.apple.product-type.bundle.ui-testing";
		};
/* End PBXNativeTarget section */

/* Begin PBXProject section */
		91062AD021747D90002673FB /* Project object */ = {
			isa = PBXProject;
			attributes = {
				LastSwiftUpdateCheck = 1000;
				LastUpgradeCheck = 1000;
				ORGANIZATIONNAME = "Raghavendra Dattawad";
				TargetAttributes = {
					91062AD721747D90002673FB = {
						CreatedOnToolsVersion = 10.0;
					};
					91062AEB21747D93002673FB = {
						CreatedOnToolsVersion = 10.0;
						TestTargetID = 91062AD721747D90002673FB;
					};
					91062AF621747D93002673FB = {
						CreatedOnToolsVersion = 10.0;
						TestTargetID = 91062AD721747D90002673FB;
					};
				};
			};
			buildConfigurationList = 91062AD321747D90002673FB /* Build configuration list for PBXProject "SwiftCodableDemo" */;
			compatibilityVersion = "Xcode 9.3";
			developmentRegion = en;
			hasScannedForEncodings = 0;
			knownRegions = (
				en,
				Base,
			);
			mainGroup = 91062ACF21747D90002673FB;
			productRefGroup = 91062AD921747D90002673FB /* Products */;
			projectDirPath = "";
			projectRoot = "";
			targets = (
				91062AD721747D90002673FB /* SwiftCodableDemo */,
				91062AEB21747D93002673FB /* SwiftCodableDemoTests */,
				91062AF621747D93002673FB /* SwiftCodableDemoUITests */,
			);
		};
/* End PBXProject section */

/* Begin PBXResourcesBuildPhase section */
		91062AD621747D90002673FB /* Resources */ = {
			isa = PBXResourcesBuildPhase;
			buildActionMask = 2147483647;
			files = (
				91062AE621747D93002673FB /* LaunchScreen.storyboard in Resources */,
				91062AE321747D93002673FB /* Assets.xcassets in Resources */,
				91062AE121747D90002673FB /* Main.storyboard in Resources */,
			);
			runOnlyForDeploymentPostprocessing = 0;
		};
		91062AEA21747D93002673FB /* Resources */ = {
			isa = PBXResourcesBuildPhase;
			buildActionMask = 2147483647;
			files = (
			);
			runOnlyForDeploymentPostprocessing = 0;
		};
		91062AF521747D93002673FB /* Resources */ = {
			isa = PBXResourcesBuildPhase;
			buildActionMask = 2147483647;
			files = (
			);
			runOnlyForDeploymentPostprocessing = 0;
		};
/* End PBXResourcesBuildPhase section */

/* Begin PBXSourcesBuildPhase section */
		91062AD421747D90002673FB /* Sources */ = {
			isa = PBXSourcesBuildPhase;
			buildActionMask = 2147483647;
			files = (
				91062B0A21747E8A002673FB /* Model.swift in Sources */,
				91062ADE21747D90002673FB /* ViewController.swift in Sources */,
				91062ADC21747D90002673FB /* AppDelegate.swift in Sources */,
			);
			runOnlyForDeploymentPostprocessing = 0;
		};
		91062AE821747D93002673FB /* Sources */ = {
			isa = PBXSourcesBuildPhase;
			buildActionMask = 2147483647;
			files = (
				91062AF121747D93002673FB /* SwiftCodableDemoTests.swift in Sources */,
			);
			runOnlyForDeploymentPostprocessing = 0;
		};
		91062AF321747D93002673FB /* Sources */ = {
			isa = PBXSourcesBuildPhase;
			buildActionMask = 2147483647;
			files = (
				91062AFC21747D93002673FB /* SwiftCodableDemoUITests.swift in Sources */,
			);
			runOnlyForDeploymentPostprocessing = 0;
		};
/* End PBXSourcesBuildPhase section */

/* Begin PBXTargetDependency section */
		91062AEE21747D93002673FB /* PBXTargetDependency */ = {
			isa = PBXTargetDependency;
			target = 91062AD721747D90002673FB /* SwiftCodableDemo */;
			targetProxy = 91062AED21747D93002673FB /* PBXContainerItemProxy */;
		};
		91062AF921747D93002673FB /* PBXTargetDependency */ = {
			isa = PBXTargetDependency;
			target = 91062AD721747D90002673FB /* SwiftCodableDemo */;
			targetProxy = 91062AF821747D93002673FB /* PBXContainerItemProxy */;
		};
/* End PBXTargetDependency section */

/* Begin PBXVariantGroup section */
		91062ADF21747D90002673FB /* Main.storyboard */ = {
			isa = PBXVariantGroup;
			children = (
				91062AE021747D90002673FB /* Base */,
			);
			name = Main.storyboard;
			sourceTree = "<group>";
		};
		91062AE421747D93002673FB /* LaunchScreen.storyboard */ = {
			isa = PBXVariantGroup;
			children = (
				91062AE521747D93002673FB /* Base */,
			);
			name = LaunchScreen.storyboard;
			sourceTree = "<group>";
		};
/* End PBXVariantGroup section */

/* Begin XCBuildConfiguration section */
		91062AFE21747D93002673FB /* Debug */ = {
			isa = XCBuildConfiguration;
			buildSettings = {
				ALWAYS_SEARCH_USER_PATHS = NO;
				CLANG_ANALYZER_NONNULL = YES;
				CLANG_ANALYZER_NUMBER_OBJECT_CONVERSION = YES_AGGRESSIVE;
				CLANG_CXX_LANGUAGE_STANDARD = "gnu++14";
				CLANG_CXX_LIBRARY = "libc++";
				CLANG_ENABLE_MODULES = YES;
				CLANG_ENABLE_OBJC_ARC = YES;
				CLANG_ENABLE_OBJC_WEAK = YES;
				CLANG_WARN_BLOCK_CAPTURE_AUTORELEASING = YES;
				CLANG_WARN_BOOL_CONVERSION = YES;
				CLANG_WARN_COMMA = YES;
				CLANG_WARN_CONSTANT_CONVERSION = YES;
				CLANG_WARN_DEPRECATED_OBJC_IMPLEMENTATIONS = YES;
				CLANG_WARN_DIRECT_OBJC_ISA_USAGE = YES_ERROR;
				CLANG_WARN_DOCUMENTATION_COMMENTS = YES;
				CLANG_WARN_EMPTY_BODY = YES;
				CLANG_WARN_ENUM_CONVERSION = YES;
				CLANG_WARN_INFINITE_RECURSION = YES;
				CLANG_WARN_INT_CONVERSION = YES;
				CLANG_WARN_NON_LITERAL_NULL_CONVERSION = YES;
				CLANG_WARN_OBJC_IMPLICIT_RETAIN_SELF = YES;
				CLANG_WARN_OBJC_LITERAL_CONVERSION = YES;
				CLANG_WARN_OBJC_ROOT_CLASS = YES_ERROR;
				CLANG_WARN_RANGE_LOOP_ANALYSIS = YES;
				CLANG_WARN_STRICT_PROTOTYPES = YES;
				CLANG_WARN_SUSPICIOUS_MOVE = YES;
				CLANG_WARN_UNGUARDED_AVAILABILITY = YES_AGGRESSIVE;
				CLANG_WARN_UNREACHABLE_CODE = YES;
				CLANG_WARN__DUPLICATE_METHOD_MATCH = YES;
				CODE_SIGN_IDENTITY = "iPhone Developer";
				COPY_PHASE_STRIP = NO;
				DEBUG_INFORMATION_FORMAT = dwarf;
				ENABLE_STRICT_OBJC_MSGSEND = YES;
				ENABLE_TESTABILITY = YES;
				GCC_C_LANGUAGE_STANDARD = gnu11;
				GCC_DYNAMIC_NO_PIC = NO;
				GCC_NO_COMMON_BLOCKS = YES;
				GCC_OPTIMIZATION_LEVEL = 0;
				GCC_PREPROCESSOR_DEFINITIONS = (
					"DEBUG=1",
					"$(inherited)",
				);
				GCC_WARN_64_TO_32_BIT_CONVERSION = YES;
				GCC_WARN_ABOUT_RETURN_TYPE = YES_ERROR;
				GCC_WARN_UNDECLARED_SELECTOR = YES;
				GCC_WARN_UNINITIALIZED_AUTOS = YES_AGGRESSIVE;
				GCC_WARN_UNUSED_FUNCTION = YES;
				GCC_WARN_UNUSED_VARIABLE = YES;
				IPHONEOS_DEPLOYMENT_TARGET = 12.0;
				MTL_ENABLE_DEBUG_INFO = INCLUDE_SOURCE;
				MTL_FAST_MATH = YES;
				ONLY_ACTIVE_ARCH = YES;
				SDKROOT = iphoneos;
				SWIFT_ACTIVE_COMPILATION_CONDITIONS = DEBUG;
				SWIFT_OPTIMIZATION_LEVEL = "-Onone";
			};
			name = Debug;
		};
		91062AFF21747D93002673FB /* Release */ = {
			isa = XCBuildConfiguration;
			buildSettings = {
				ALWAYS_SEARCH_USER_PATHS = NO;
				CLANG_ANALYZER_NONNULL = YES;
				CLANG_ANALYZER_NUMBER_OBJECT_CONVERSION = YES_AGGRESSIVE;
				CLANG_CXX_LANGUAGE_STANDARD = "gnu++14";
				CLANG_CXX_LIBRARY = "libc++";
				CLANG_ENABLE_MODULES = YES;
				CLANG_ENABLE_OBJC_ARC = YES;
				CLANG_ENABLE_OBJC_WEAK = YES;
				CLANG_WARN_BLOCK_CAPTURE_AUTORELEASING = YES;
				CLANG_WARN_BOOL_CONVERSION = YES;
				CLANG_WARN_COMMA = YES;
				CLANG_WARN_CONSTANT_CONVERSION = YES;
				CLANG_WARN_DEPRECATED_OBJC_IMPLEMENTATIONS = YES;
				CLANG_WARN_DIRECT_OBJC_ISA_USAGE = YES_ERROR;
				CLANG_WARN_DOCUMENTATION_COMMENTS = YES;
				CLANG_WARN_EMPTY_BODY = YES;
				CLANG_WARN_ENUM_CONVERSION = YES;
				CLANG_WARN_INFINITE_RECURSION = YES;
				CLANG_WARN_INT_CONVERSION = YES;
				CLANG_WARN_NON_LITERAL_NULL_CONVERSION = YES;
				CLANG_WARN_OBJC_IMPLICIT_RETAIN_SELF = YES;
				CLANG_WARN_OBJC_LITERAL_CONVERSION = YES;
				CLANG_WARN_OBJC_ROOT_CLASS = YES_ERROR;
				CLANG_WARN_RANGE_LOOP_ANALYSIS = YES;
				CLANG_WARN_STRICT_PROTOTYPES = YES;
				CLANG_WARN_SUSPICIOUS_MOVE = YES;
				CLANG_WARN_UNGUARDED_AVAILABILITY = YES_AGGRESSIVE;
				CLANG_WARN_UNREACHABLE_CODE = YES;
				CLANG_WARN__DUPLICATE_METHOD_MATCH = YES;
				CODE_SIGN_IDENTITY = "iPhone Developer";
				COPY_PHASE_STRIP = NO;
				DEBUG_INFORMATION_FORMAT = "dwarf-with-dsym";
				ENABLE_NS_ASSERTIONS = NO;
				ENABLE_STRICT_OBJC_MSGSEND = YES;
				GCC_C_LANGUAGE_STANDARD = gnu11;
				GCC_NO_COMMON_BLOCKS = YES;
				GCC_WARN_64_TO_32_BIT_CONVERSION = YES;
				GCC_WARN_ABOUT_RETURN_TYPE = YES_ERROR;
				GCC_WARN_UNDECLARED_SELECTOR = YES;
				GCC_WARN_UNINITIALIZED_AUTOS = YES_AGGRESSIVE;
				GCC_WARN_UNUSED_FUNCTION = YES;
				GCC_WARN_UNUSED_VARIABLE = YES;
				IPHONEOS_DEPLOYMENT_TARGET = 12.0;
				MTL_ENABLE_DEBUG_INFO = NO;
				MTL_FAST_MATH = YES;
				SDKROOT = iphoneos;
				SWIFT_COMPILATION_MODE = wholemodule;
				SWIFT_OPTIMIZATION_LEVEL = "-O";
				VALIDATE_PRODUCT = YES;
			};
			name = Release;
		};
		91062B0121747D93002673FB /* Debug */ = {
			isa = XCBuildConfiguration;
			buildSettings = {
				ASSETCATALOG_COMPILER_APPICON_NAME = AppIcon;
				CODE_SIGN_STYLE = Automatic;
				INFOPLIST_FILE = SwiftCodableDemo/Info.plist;
				LD_RUNPATH_SEARCH_PATHS = (
					"$(inherited)",
					"@executable_path/Frameworks",
				);
				PRODUCT_BUNDLE_IDENTIFIER = com.wickride.SwiftCodableDemo;
				PRODUCT_NAME = "$(TARGET_NAME)";
				SWIFT_VERSION = 4.2;
				TARGETED_DEVICE_FAMILY = "1,2";
			};
			name = Debug;
		};
		91062B0221747D93002673FB /* Release */ = {
			isa = XCBuildConfiguration;
			buildSettings = {
				ASSETCATALOG_COMPILER_APPICON_NAME = AppIcon;
				CODE_SIGN_STYLE = Automatic;
				INFOPLIST_FILE = SwiftCodableDemo/Info.plist;
				LD_RUNPATH_SEARCH_PATHS = (
					"$(inherited)",
					"@executable_path/Frameworks",
				);
				PRODUCT_BUNDLE_IDENTIFIER = com.wickride.SwiftCodableDemo;
				PRODUCT_NAME = "$(TARGET_NAME)";
				SWIFT_VERSION = 4.2;
				TARGETED_DEVICE_FAMILY = "1,2";
			};
			name = Release;
		};
		91062B0421747D93002673FB /* Debug */ = {
			isa = XCBuildConfiguration;
			buildSettings = {
				ALWAYS_EMBED_SWIFT_STANDARD_LIBRARIES = YES;
				BUNDLE_LOADER = "$(TEST_HOST)";
				CODE_SIGN_STYLE = Automatic;
				INFOPLIST_FILE = SwiftCodableDemoTests/Info.plist;
				LD_RUNPATH_SEARCH_PATHS = (
					"$(inherited)",
					"@executable_path/Frameworks",
					"@loader_path/Frameworks",
				);
				PRODUCT_BUNDLE_IDENTIFIER = com.wickride.SwiftCodableDemoTests;
				PRODUCT_NAME = "$(TARGET_NAME)";
				SWIFT_VERSION = 4.2;
				TARGETED_DEVICE_FAMILY = "1,2";
				TEST_HOST = "$(BUILT_PRODUCTS_DIR)/SwiftCodableDemo.app/SwiftCodableDemo";
			};
			name = Debug;
		};
		91062B0521747D93002673FB /* Release */ = {
			isa = XCBuildConfiguration;
			buildSettings = {
				ALWAYS_EMBED_SWIFT_STANDARD_LIBRARIES = YES;
				BUNDLE_LOADER = "$(TEST_HOST)";
				CODE_SIGN_STYLE = Automatic;
				INFOPLIST_FILE = SwiftCodableDemoTests/Info.plist;
				LD_RUNPATH_SEARCH_PATHS = (
					"$(inherited)",
					"@executable_path/Frameworks",
					"@loader_path/Frameworks",
				);
				PRODUCT_BUNDLE_IDENTIFIER = com.wickride.SwiftCodableDemoTests;
				PRODUCT_NAME = "$(TARGET_NAME)";
				SWIFT_VERSION = 4.2;
				TARGETED_DEVICE_FAMILY = "1,2";
				TEST_HOST = "$(BUILT_PRODUCTS_DIR)/SwiftCodableDemo.app/SwiftCodableDemo";
			};
			name = Release;
		};
		91062B0721747D93002673FB /* Debug */ = {
			isa = XCBuildConfiguration;
			buildSettings = {
				ALWAYS_EMBED_SWIFT_STANDARD_LIBRARIES = YES;
				CODE_SIGN_STYLE = Automatic;
				INFOPLIST_FILE = SwiftCodableDemoUITests/Info.plist;
				LD_RUNPATH_SEARCH_PATHS = (
					"$(inherited)",
					"@executable_path/Frameworks",
					"@loader_path/Frameworks",
				);
				PRODUCT_BUNDLE_IDENTIFIER = com.wickride.SwiftCodableDemoUITests;
				PRODUCT_NAME = "$(TARGET_NAME)";
				SWIFT_VERSION = 4.2;
				TARGETED_DEVICE_FAMILY = "1,2";
				TEST_TARGET_NAME = SwiftCodableDemo;
			};
			name = Debug;
		};
		91062B0821747D93002673FB /* Release */ = {
			isa = XCBuildConfiguration;
			buildSettings = {
				ALWAYS_EMBED_SWIFT_STANDARD_LIBRARIES = YES;
				CODE_SIGN_STYLE = Automatic;
				INFOPLIST_FILE = SwiftCodableDemoUITests/Info.plist;
				LD_RUNPATH_SEARCH_PATHS = (
					"$(inherited)",
					"@executable_path/Frameworks",
					"@loader_path/Frameworks",
				);
				PRODUCT_BUNDLE_IDENTIFIER = com.wickride.SwiftCodableDemoUITests;
				PRODUCT_NAME = "$(TARGET_NAME)";
				SWIFT_VERSION = 4.2;
				TARGETED_DEVICE_FAMILY = "1,2";
				TEST_TARGET_NAME = SwiftCodableDemo;
			};
			name = Release;
		};
/* End XCBuildConfiguration section */

/* Begin XCConfigurationList section */
		91062AD321747D90002673FB /* Build configuration list for PBXProject "SwiftCodableDemo" */ = {
			isa = XCConfigurationList;
			buildConfigurations = (
				91062AFE21747D93002673FB /* Debug */,
				91062AFF21747D93002673FB /* Release */,
			);
			defaultConfigurationIsVisible = 0;
			defaultConfigurationName = Release;
		};
		91062B0021747D93002673FB /* Build configuration list for PBXNativeTarget "SwiftCodableDemo" */ = {
			isa = XCConfigurationList;
			buildConfigurations = (
				91062B0121747D93002673FB /* Debug */,
				91062B0221747D93002673FB /* Release */,
			);
			defaultConfigurationIsVisible = 0;
			defaultConfigurationName = Release;
		};
		91062B0321747D93002673FB /* Build configuration list for PBXNativeTarget "SwiftCodableDemoTests" */ = {
			isa = XCConfigurationList;
			buildConfigurations = (
				91062B0421747D93002673FB /* Debug */,
				91062B0521747D93002673FB /* Release */,
			);
			defaultConfigurationIsVisible = 0;
			defaultConfigurationName = Release;
		};
		91062B0621747D93002673FB /* Build configuration list for PBXNativeTarget "SwiftCodableDemoUITests" */ = {
			isa = XCConfigurationList;
			buildConfigurations = (
				91062B0721747D93002673FB /* Debug */,
				91062B0821747D93002673FB /* Release */,
			);
			defaultConfigurationIsVisible = 0;
			defaultConfigurationName = Release;
		};
/* End XCConfigurationList section */
	};
	rootObject = 91062AD021747D90002673FB /* Project object */;
}
